NeoBundleLock lightline.vim 84f4bc66ad60769f0adb7ade53875e87740a905d
NeoBundleLock unite-colorscheme 3aa33866a183f7659594a3f6b66b2334eaebc6a0
NeoBundleLock unite.vim b96b31db90bea2859b109e07123eeeecf07041c0
NeoBundleLock vim-colors-solarized 528a59f26d12278698bb946f8fb82a63711eec21
NeoBundleLock vim-hybrid 37a2d17c8d7b6cfe5288ef01b9b574828420de62
NeoBundleLock vimfiler f43f7364dfdd493ccba7aa63d6b9e1713088ee4f
